# This file is automatically @generated by Cargo.
# It is not intended for manual editing.
version = 3

[[package]]
name = "atomic_refcell"
version = "0.1.10"
source = "registry+https://github.com/rust-lang/crates.io-index"
checksum = "79d6dc922a2792b006573f60b2648076355daeae5ce9cb59507e5908c9625d31"

[[package]]
name = "bit_field"
version = "0.10.2"
source = "registry+https://github.com/rust-lang/crates.io-index"
checksum = "dc827186963e592360843fb5ba4b973e145841266c1357f7180c43526f2e5b61"

[[package]]
name = "bitflags"
version = "1.3.2"
source = "registry+https://github.com/rust-lang/crates.io-index"
checksum = "bef38d45163c2f1dde094a7dfd33ccf595c92905c8f8f4fdc18d06fb1037718a"

[[package]]
name = "r-efi"
version = "4.2.0"
source = "registry+https://github.com/rust-lang/crates.io-index"
checksum = "575fc2d9b3da54adbdfaddf6eca48fec256d977c8630a1750b8991347d1ac911"

[[package]]
name = "r-efi-alloc"
version = "1.0.0"
source = "registry+https://github.com/rust-lang/crates.io-index"
checksum = "31d6f09fe2b6ad044bc3d2c34ce4979796581afd2f1ebc185837e02421e02fd7"
dependencies = [
 "r-efi",
]

[[package]]
name = "rustversion"
version = "1.0.12"
source = "registry+https://github.com/rust-lang/crates.io-index"
checksum = "4f3208ce4d8448b3f3e7d168a73f5e0c43a61e32930de3bceeccedb388b6bf06"

[[package]]
name = "uefi"
version = "0.1.0"
dependencies = [
 "atomic_refcell",
 "r-efi",
 "r-efi-alloc",
 "x86_64",
]

[[package]]
name = "volatile"
version = "0.4.6"
source = "registry+https://github.com/rust-lang/crates.io-index"
checksum = "442887c63f2c839b346c192d047a7c87e73d0689c9157b00b53dcc27dd5ea793"

[[package]]
name = "x86_64"
version = "0.14.10"
source = "registry+https://github.com/rust-lang/crates.io-index"
checksum = "100555a863c0092238c2e0e814c1096c1e5cf066a309c696a87e907b5f8c5d69"
dependencies = [
 "bit_field",
 "bitflags",
 "rustversion",
 "volatile",
]
